
Microsoft Visual Studio Solution File, Format Version 12.00
# Visual Studio Version 16
VisualStudioVersion = 16.0.31205.134
MinimumVisualStudioVersion = 10.0.40219.1
Project("{FAE04EC0-301F-11D3-BF4B-00C04F79EFBC}") = "dbci", "dbci\dbci.csproj", "{C43DC735-05CB-49DB-9512-692443A363D4}"
EndProject
Project("{FAE04EC0-301F-11D3-BF4B-00C04F79EFBC}") = "dbci.test", "dbci.test\dbci.test.csproj", "{11DBE7EC-DFD5-4418-82B7-53A2708E99D7}"
EndProject
Global
	GlobalSection(SolutionConfigurationPlatforms) = preSolution
		Debug|Any CPU = Debug|Any CPU
		Release|Any CPU = Release|Any CPU
	EndGlobalSection
	GlobalSection(ProjectConfigurationPlatforms) = postSolution
		{C43DC735-05CB-49DB-9512-692443A363D4}.Debug|Any CPU.ActiveCfg = Debug|Any CPU
		{C43DC735-05CB-49DB-9512-692443A363D4}.Debug|Any CPU.Build.0 = Debug|Any CPU
		{C43DC735-05CB-49DB-9512-692443A363D4}.Release|Any CPU.ActiveCfg = Release|Any CPU
		{C43DC735-05CB-49DB-9512-692443A363D4}.Release|Any CPU.Build.0 = Release|Any CPU
		{11DBE7EC-DFD5-4418-82B7-53A2708E99D7}.Debug|Any CPU.ActiveCfg = Debug|Any CPU
		{11DBE7EC-DFD5-4418-82B7-53A2708E99D7}.Debug|Any CPU.Build.0 = Debug|Any CPU
		{11DBE7EC-DFD5-4418-82B7-53A2708E99D7}.Release|Any CPU.ActiveCfg = Release|Any CPU
		{11DBE7EC-DFD5-4418-82B7-53A2708E99D7}.Release|Any CPU.Build.0 = Release|Any CPU
	EndGlobalSection
	GlobalSection(SolutionProperties) = preSolution
		HideSolutionNode = FALSE
	EndGlobalSection
	GlobalSection(ExtensibilityGlobals) = postSolution
		SolutionGuid = {01135588-B85B-4DA3-B923-7C29FDF4C06F}
	EndGlobalSection
EndGlobal
